
Microsoft Visual Studio Solution File, Format Version 12.00
# Visual Studio Version 16
VisualStudioVersion = 16.0.31112.23
MinimumVisualStudioVersion = 10.0.40219.1
Project("{FAE04EC0-301F-11D3-BF4B-00C04F79EFBC}") = "MmoMechTrainer", "MmoMechTrainer\MmoMechTrainer.csproj", "{BC1A29AF-A548-4CA9-9AE8-54F725A20216}"
EndProject
Global
	GlobalSection(SolutionConfigurationPlatforms) = preSolution
		Debug|Any CPU = Debug|Any CPU
		Release|Any CPU = Release|Any CPU
	EndGlobalSection
	GlobalSection(ProjectConfigurationPlatforms) = postSolution
		{BC1A29AF-A548-4CA9-9AE8-54F725A20216}.Debug|Any CPU.ActiveCfg = Debug|Any CPU
		{BC1A29AF-A548-4CA9-9AE8-54F725A20216}.Debug|Any CPU.Build.0 = Debug|Any CPU
		{BC1A29AF-A548-4CA9-9AE8-54F725A20216}.Release|Any CPU.ActiveCfg = Release|Any CPU
		{BC1A29AF-A548-4CA9-9AE8-54F725A20216}.Release|Any CPU.Build.0 = Release|Any CPU
	EndGlobalSection
	GlobalSection(SolutionProperties) = preSolution
		HideSolutionNode = FALSE
	EndGlobalSection
	GlobalSection(ExtensibilityGlobals) = postSolution
		SolutionGuid = {CE769600-1E22-4276-B6CA-958611A313DD}
	EndGlobalSection
EndGlobal
